# This file is automatically @generated by Cargo.
# It is not intended for manual editing.
version = 3

[[package]]
name = "autocfg"
version = "1.0.1"
source = "registry+https://github.com/rust-lang/crates.io-index"
checksum = "cdb031dd78e28731d87d56cc8ffef4a8f36ca26c38fe2de700543e627f8a464a"

[[package]]
name = "claim"
version = "0.5.0"
source = "registry+https://github.com/rust-lang/crates.io-index"
checksum = "f81099d6bb72e1df6d50bb2347224b666a670912bb7f06dbe867a4a070ab3ce8"
dependencies = [
 "autocfg",
]

[[package]]
name = "meticulous"
version = "0.1.0"
dependencies = [
 "claim",
]
