{
  "nodes": {
    "nixpkgs": {
      "locked": {
        "lastModified": 1702938738,
        "narHash": "sha256-O7Vb0xC9s4Dmgxj8APEpuuMj7HsLgPbpy1UKvNVJp7o=",
        "owner": "nixos",
        "repo": "nixpkgs",
        "rev": "dd8e82f3b4017b8faa52c2b1897a38d53c3c26cb",
        "type": "github"
      },
      "original": {
        "owner": "nixos",
        "repo": "nixpkgs",
        "type": "github"
      }
    },
    "root": {
      "inputs": {
        "nixpkgs": "nixpkgs"
      }
    }
  },
  "root": "root",
  "version": 7
}
