version = 0

[alpine]
latest = "sha256:6457d53fb065d6f250e1504b9bc42d5b6c65941d57532c072d929dd0628977d0"

[python]
"3.12-slim" = "sha256:fd3817f3a855f6c2ada16ac9468e5ee93e361005bd226fd5a5ee1a504e038c84"

[rust]
alpine = "sha256:41bf7d335c39fd25bb73f3183713b1fdcb77f0fc70def6634e40992e66119292"
latest = "sha256:de6e081a4e9c10e70731071cec6f629892da1bbaa24b478a96bdc59060674117"

[ubuntu]
"14.04" = "sha256:881afbae521c910f764f7187dbfbca3cc10c26f8bafa458c76dda009a901c29d"
latest = "sha256:d21429c4635332e96a4baae3169e3f02ac8e24e6ae3d89a86002d49a1259a4f7"
