version = 0

[alpine]
latest = "sha256:6457d53fb065d6f250e1504b9bc42d5b6c65941d57532c072d929dd0628977d0"

[python]
"3.11-alpine3.19" = "sha256:3912f7fe31112ee0f747848328e1a2b225a3aad18d0800bac6e13042642fd202"
"3.11-slim" = "sha256:8c1036ec919826052306dfb5286e4753ffd9d5f6c24fbc352a5399c3b405b57e"
"3.11.9-alpine3.19" = "sha256:3912f7fe31112ee0f747848328e1a2b225a3aad18d0800bac6e13042642fd202"
"3.11.9-bullseye" = "sha256:9a5e69d12cb51e2f2472f6167edde606bb0f924e49ad3d97a9140b765363f872"
"3.11.9-slim" = "sha256:8c1036ec919826052306dfb5286e4753ffd9d5f6c24fbc352a5399c3b405b57e"
"3.12-alpine3.19" = "sha256:c583b8590a197db1f6efece2dd244b0259cb6f82c4acc654bfbe48e00e20a7b9"

[rust]
alpine = "sha256:41bf7d335c39fd25bb73f3183713b1fdcb77f0fc70def6634e40992e66119292"
latest = "sha256:de6e081a4e9c10e70731071cec6f629892da1bbaa24b478a96bdc59060674117"

[ubuntu]
"14.04" = "sha256:881afbae521c910f764f7187dbfbca3cc10c26f8bafa458c76dda009a901c29d"
latest = "sha256:d21429c4635332e96a4baae3169e3f02ac8e24e6ae3d89a86002d49a1259a4f7"
